// !$*UTF8*$!
{
	archiveVersion = 1;
	classes = {
	};
	objectVersion = 56;
	objects = {

/* Begin PBXBuildFile section */
		B21494A82BDF213D006E3692 /* OpacityAnimationView.swift in Sources */ = {isa = PBXBuildFile; fileRef = B21494A72BDF213D006E3692 /* OpacityAnimationView.swift */; };
		B217837B2BDFB00C004B345A /* ChallengeFail.swift in Sources */ = {isa = PBXBuildFile; fileRef = B217837A2BDFB00C004B345A /* ChallengeFail.swift */; };
		B251651B2BDE6177006EBC51 /* LearningSushiAnimationApp.swift in Sources */ = {isa = PBXBuildFile; fileRef = B251651A2BDE6177006EBC51 /* LearningSushiAnimationApp.swift */; };
		B251651D2BDE6177006EBC51 /* ContentView.swift in Sources */ = {isa = PBXBuildFile; fileRef = B251651C2BDE6177006EBC51 /* ContentView.swift */; };
		B251651F2BDE6178006EBC51 /* Assets.xcassets in Resources */ = {isa = PBXBuildFile; fileRef = B251651E2BDE6178006EBC51 /* Assets.xcassets */; };
		B25165222BDE6178006EBC51 /* Preview Assets.xcassets in Resources */ = {isa = PBXBuildFile; fileRef = B25165212BDE6178006EBC51 /* Preview Assets.xcassets */; };
		B251652A2BDE6205006EBC51 /* BreathAnimationView.swift in Sources */ = {isa = PBXBuildFile; fileRef = B25165292BDE6205006EBC51 /* BreathAnimationView.swift */; };
		B251652E2BDE642B006EBC51 /* FlyingAnimationView.swift in Sources */ = {isa = PBXBuildFile; fileRef = B251652D2BDE642B006EBC51 /* FlyingAnimationView.swift */; };
		B25165302BDE6575006EBC51 /* SwingAnimationView.swift in Sources */ = {isa = PBXBuildFile; fileRef = B251652F2BDE6575006EBC51 /* SwingAnimationView.swift */; };
		B253BAA32BE0952200D81FD3 /* Timer.swift in Sources */ = {isa = PBXBuildFile; fileRef = B253BAA22BE0952200D81FD3 /* Timer.swift */; };
		B25B63D62BDFA6D400A1A3EB /* ChallengeSuccess.swift in Sources */ = {isa = PBXBuildFile; fileRef = B25B63D52BDFA6D400A1A3EB /* ChallengeSuccess.swift */; };
		B29EF4682BDEA1A80031CBE7 /* FloatingAnimationView.swift in Sources */ = {isa = PBXBuildFile; fileRef = B29EF4672BDEA1A80031CBE7 /* FloatingAnimationView.swift */; };
/* End PBXBuildFile section */

/* Begin PBXFileReference section */
		B21494A72BDF213D006E3692 /* OpacityAnimationView.swift */ = {isa = PBXFileReference; lastKnownFileType = sourcecode.swift; path = OpacityAnimationView.swift; sourceTree = "<group>"; };
		B217837A2BDFB00C004B345A /* ChallengeFail.swift */ = {isa = PBXFileReference; lastKnownFileType = sourcecode.swift; path = ChallengeFail.swift; sourceTree = "<group>"; };
		B25165172BDE6177006EBC51 /* LearningSushiAnimation.app */ = {isa = PBXFileReference; explicitFileType = wrapper.application; includeInIndex = 0; path = LearningSushiAnimation.app; sourceTree = BUILT_PRODUCTS_DIR; };
		B251651A2BDE6177006EBC51 /* LearningSushiAnimationApp.swift */ = {isa = PBXFileReference; lastKnownFileType = sourcecode.swift; path = LearningSushiAnimationApp.swift; sourceTree = "<group>"; };
		B251651C2BDE6177006EBC51 /* ContentView.swift */ = {isa = PBXFileReference; lastKnownFileType = sourcecode.swift; path = ContentView.swift; sourceTree = "<group>"; };
		B251651E2BDE6178006EBC51 /* Assets.xcassets */ = {isa = PBXFileReference; lastKnownFileType = folder.assetcatalog; path = Assets.xcassets; sourceTree = "<group>"; };
		B25165212BDE6178006EBC51 /* Preview Assets.xcassets */ = {isa = PBXFileReference; lastKnownFileType = folder.assetcatalog; path = "Preview Assets.xcassets"; sourceTree = "<group>"; };
		B25165292BDE6205006EBC51 /* BreathAnimationView.swift */ = {isa = PBXFileReference; lastKnownFileType = sourcecode.swift; path = BreathAnimationView.swift; sourceTree = "<group>"; };
		B251652D2BDE642B006EBC51 /* FlyingAnimationView.swift */ = {isa = PBXFileReference; lastKnownFileType = sourcecode.swift; path = FlyingAnimationView.swift; sourceTree = "<group>"; };
		B251652F2BDE6575006EBC51 /* SwingAnimationView.swift */ = {isa = PBXFileReference; lastKnownFileType = sourcecode.swift; path = SwingAnimationView.swift; sourceTree = "<group>"; };
		B253BAA22BE0952200D81FD3 /* Timer.swift */ = {isa = PBXFileReference; lastKnownFileType = sourcecode.swift; path = Timer.swift; sourceTree = "<group>"; };
		B25B63D52BDFA6D400A1A3EB /* ChallengeSuccess.swift */ = {isa = PBXFileReference; lastKnownFileType = sourcecode.swift; path = ChallengeSuccess.swift; sourceTree = "<group>"; };
		B29EF4672BDEA1A80031CBE7 /* FloatingAnimationView.swift */ = {isa = PBXFileReference; lastKnownFileType = sourcecode.swift; path = FloatingAnimationView.swift; sourceTree = "<group>"; };
/* End PBXFileReference section */

/* Begin PBXFrameworksBuildPhase section */
		B25165142BDE6177006EBC51 /* Frameworks */ = {
			isa = PBXFrameworksBuildPhase;
			buildActionMask = 2147483647;
			files = (
			);
			runOnlyForDeploymentPostprocessing = 0;
		};
/* End PBXFrameworksBuildPhase section */

/* Begin PBXGroup section */
		B251650E2BDE6177006EBC51 = {
			isa = PBXGroup;
			children = (
				B25165192BDE6177006EBC51 /* LearningSushiAnimation */,
				B25165182BDE6177006EBC51 /* Products */,
			);
			sourceTree = "<group>";
		};
		B25165182BDE6177006EBC51 /* Products */ = {
			isa = PBXGroup;
			children = (
				B25165172BDE6177006EBC51 /* LearningSushiAnimation.app */,
			);
			name = Products;
			sourceTree = "<group>";
		};
		B25165192BDE6177006EBC51 /* LearningSushiAnimation */ = {
			isa = PBXGroup;
			children = (
				B25B63D42BDFA43C00A1A3EB /* View */,
				B25165282BDE61F6006EBC51 /* Animation */,
				B251651A2BDE6177006EBC51 /* LearningSushiAnimationApp.swift */,
				B251651C2BDE6177006EBC51 /* ContentView.swift */,
				B251651E2BDE6178006EBC51 /* Assets.xcassets */,
				B25165202BDE6178006EBC51 /* Preview Content */,
			);
			path = LearningSushiAnimation;
			sourceTree = "<group>";
		};
		B25165202BDE6178006EBC51 /* Preview Content */ = {
			isa = PBXGroup;
			children = (
				B25165212BDE6178006EBC51 /* Preview Assets.xcassets */,
			);
			path = "Preview Content";
			sourceTree = "<group>";
		};
		B25165282BDE61F6006EBC51 /* Animation */ = {
			isa = PBXGroup;
			children = (
				B25165292BDE6205006EBC51 /* BreathAnimationView.swift */,
				B251652D2BDE642B006EBC51 /* FlyingAnimationView.swift */,
				B251652F2BDE6575006EBC51 /* SwingAnimationView.swift */,
				B29EF4672BDEA1A80031CBE7 /* FloatingAnimationView.swift */,
				B21494A72BDF213D006E3692 /* OpacityAnimationView.swift */,
			);
			path = Animation;
			sourceTree = "<group>";
		};
		B25B63D42BDFA43C00A1A3EB /* View */ = {
			isa = PBXGroup;
			children = (
				B25B63D52BDFA6D400A1A3EB /* ChallengeSuccess.swift */,
				B217837A2BDFB00C004B345A /* ChallengeFail.swift */,
				B253BAA22BE0952200D81FD3 /* Timer.swift */,
			);
			path = View;
			sourceTree = "<group>";
		};
/* End PBXGroup section */

/* Begin PBXNativeTarget section */
		B25165162BDE6177006EBC51 /* LearningSushiAnimation */ = {
			isa = PBXNativeTarget;
			buildConfigurationList = B25165252BDE6178006EBC51 /* Build configuration list for PBXNativeTarget "LearningSushiAnimation" */;
			buildPhases = (
				B25165132BDE6177006EBC51 /* Sources */,
				B25165142BDE6177006EBC51 /* Frameworks */,
				B25165152BDE6177006EBC51 /* Resources */,
			);
			buildRules = (
			);
			dependencies = (
			);
			name = LearningSushiAnimation;
			productName = LearningSushiAnimation;
			productReference = B25165172BDE6177006EBC51 /* LearningSushiAnimation.app */;
			productType = "com.apple.product-type.application";
		};
/* End PBXNativeTarget section */

/* Begin PBXProject section */
		B251650F2BDE6177006EBC51 /* Project object */ = {
			isa = PBXProject;
			attributes = {
				BuildIndependentTargetsInParallel = 1;
				LastSwiftUpdateCheck = 1530;
				LastUpgradeCheck = 1530;
				TargetAttributes = {
					B25165162BDE6177006EBC51 = {
						CreatedOnToolsVersion = 15.3;
					};
				};
			};
			buildConfigurationList = B25165122BDE6177006EBC51 /* Build configuration list for PBXProject "LearningSushiAnimation" */;
			compatibilityVersion = "Xcode 14.0";
			developmentRegion = en;
			hasScannedForEncodings = 0;
			knownRegions = (
				en,
				Base,
			);
			mainGroup = B251650E2BDE6177006EBC51;
			productRefGroup = B25165182BDE6177006EBC51 /* Products */;
			projectDirPath = "";
			projectRoot = "";
			targets = (
				B25165162BDE6177006EBC51 /* LearningSushiAnimation */,
			);
		};
/* End PBXProject section */

/* Begin PBXResourcesBuildPhase section */
		B25165152BDE6177006EBC51 /* Resources */ = {
			isa = PBXResourcesBuildPhase;
			buildActionMask = 2147483647;
			files = (
				B25165222BDE6178006EBC51 /* Preview Assets.xcassets in Resources */,
				B251651F2BDE6178006EBC51 /* Assets.xcassets in Resources */,
			);
			runOnlyForDeploymentPostprocessing = 0;
		};
/* End PBXResourcesBuildPhase section */

/* Begin PBXSourcesBuildPhase section */
		B25165132BDE6177006EBC51 /* Sources */ = {
			isa = PBXSourcesBuildPhase;
			buildActionMask = 2147483647;
			files = (
				B21494A82BDF213D006E3692 /* OpacityAnimationView.swift in Sources */,
				B251652E2BDE642B006EBC51 /* FlyingAnimationView.swift in Sources */,
				B29EF4682BDEA1A80031CBE7 /* FloatingAnimationView.swift in Sources */,
				B253BAA32BE0952200D81FD3 /* Timer.swift in Sources */,
				B25165302BDE6575006EBC51 /* SwingAnimationView.swift in Sources */,
				B251652A2BDE6205006EBC51 /* BreathAnimationView.swift in Sources */,
				B25B63D62BDFA6D400A1A3EB /* ChallengeSuccess.swift in Sources */,
				B251651D2BDE6177006EBC51 /* ContentView.swift in Sources */,
				B251651B2BDE6177006EBC51 /* LearningSushiAnimationApp.swift in Sources */,
				B217837B2BDFB00C004B345A /* ChallengeFail.swift in Sources */,
			);
			runOnlyForDeploymentPostprocessing = 0;
		};
/* End PBXSourcesBuildPhase section */

/* Begin XCBuildConfiguration section */
		B25165232BDE6178006EBC51 /* Debug */ = {
			isa = XCBuildConfiguration;
			buildSettings = {
				ALWAYS_SEARCH_USER_PATHS = NO;
				ASSETCATALOG_COMPILER_GENERATE_SWIFT_ASSET_SYMBOL_EXTENSIONS = YES;
				CLANG_ANALYZER_NONNULL = YES;
				CLANG_ANALYZER_NUMBER_OBJECT_CONVERSION = YES_AGGRESSIVE;
				CLANG_CXX_LANGUAGE_STANDARD = "gnu++20";
				CLANG_ENABLE_MODULES = YES;
				CLANG_ENABLE_OBJC_ARC = YES;
				CLANG_ENABLE_OBJC_WEAK = YES;
				CLANG_WARN_BLOCK_CAPTURE_AUTORELEASING = YES;
				CLANG_WARN_BOOL_CONVERSION = YES;
				CLANG_WARN_COMMA = YES;
				CLANG_WARN_CONSTANT_CONVERSION = YES;
				CLANG_WARN_DEPRECATED_OBJC_IMPLEMENTATIONS = YES;
				CLANG_WARN_DIRECT_OBJC_ISA_USAGE = YES_ERROR;
				CLANG_WARN_DOCUMENTATION_COMMENTS = YES;
				CLANG_WARN_EMPTY_BODY = YES;
				CLANG_WARN_ENUM_CONVERSION = YES;
				CLANG_WARN_INFINITE_RECURSION = YES;
				CLANG_WARN_INT_CONVERSION = YES;
				CLANG_WARN_NON_LITERAL_NULL_CONVERSION = YES;
				CLANG_WARN_OBJC_IMPLICIT_RETAIN_SELF = YES;
				CLANG_WARN_OBJC_LITERAL_CONVERSION = YES;
				CLANG_WARN_OBJC_ROOT_CLASS = YES_ERROR;
				CLANG_WARN_QUOTED_INCLUDE_IN_FRAMEWORK_HEADER = YES;
				CLANG_WARN_RANGE_LOOP_ANALYSIS = YES;
				CLANG_WARN_STRICT_PROTOTYPES = YES;
				CLANG_WARN_SUSPICIOUS_MOVE = YES;
				CLANG_WARN_UNGUARDED_AVAILABILITY = YES_AGGRESSIVE;
				CLANG_WARN_UNREACHABLE_CODE = YES;
				CLANG_WARN__DUPLICATE_METHOD_MATCH = YES;
				COPY_PHASE_STRIP = NO;
				DEBUG_INFORMATION_FORMAT = dwarf;
				ENABLE_STRICT_OBJC_MSGSEND = YES;
				ENABLE_TESTABILITY = YES;
				ENABLE_USER_SCRIPT_SANDBOXING = YES;
				GCC_C_LANGUAGE_STANDARD = gnu17;
				GCC_DYNAMIC_NO_PIC = NO;
				GCC_NO_COMMON_BLOCKS = YES;
				GCC_OPTIMIZATION_LEVEL = 0;
				GCC_PREPROCESSOR_DEFINITIONS = (
					"DEBUG=1",
					"$(inherited)",
				);
				GCC_WARN_64_TO_32_BIT_CONVERSION = YES;
				GCC_WARN_ABOUT_RETURN_TYPE = YES_ERROR;
				GCC_WARN_UNDECLARED_SELECTOR = YES;
				GCC_WARN_UNINITIALIZED_AUTOS = YES_AGGRESSIVE;
				GCC_WARN_UNUSED_FUNCTION = YES;
				GCC_WARN_UNUSED_VARIABLE = YES;
				IPHONEOS_DEPLOYMENT_TARGET = 17.4;
				LOCALIZATION_PREFERS_STRING_CATALOGS = YES;
				MTL_ENABLE_DEBUG_INFO = INCLUDE_SOURCE;
				MTL_FAST_MATH = YES;
				ONLY_ACTIVE_ARCH = YES;
				SDKROOT = iphoneos;
				SWIFT_ACTIVE_COMPILATION_CONDITIONS = "DEBUG $(inherited)";
				SWIFT_OPTIMIZATION_LEVEL = "-Onone";
			};
			name = Debug;
		};
		B25165242BDE6178006EBC51 /* Release */ = {
			isa = XCBuildConfiguration;
			buildSettings = {
				ALWAYS_SEARCH_USER_PATHS = NO;
				ASSETCATALOG_COMPILER_GENERATE_SWIFT_ASSET_SYMBOL_EXTENSIONS = YES;
				CLANG_ANALYZER_NONNULL = YES;
				CLANG_ANALYZER_NUMBER_OBJECT_CONVERSION = YES_AGGRESSIVE;
				CLANG_CXX_LANGUAGE_STANDARD = "gnu++20";
				CLANG_ENABLE_MODULES = YES;
				CLANG_ENABLE_OBJC_ARC = YES;
				CLANG_ENABLE_OBJC_WEAK = YES;
				CLANG_WARN_BLOCK_CAPTURE_AUTORELEASING = YES;
				CLANG_WARN_BOOL_CONVERSION = YES;
				CLANG_WARN_COMMA = YES;
				CLANG_WARN_CONSTANT_CONVERSION = YES;
				CLANG_WARN_DEPRECATED_OBJC_IMPLEMENTATIONS = YES;
				CLANG_WARN_DIRECT_OBJC_ISA_USAGE = YES_ERROR;
				CLANG_WARN_DOCUMENTATION_COMMENTS = YES;
				CLANG_WARN_EMPTY_BODY = YES;
				CLANG_WARN_ENUM_CONVERSION = YES;
				CLANG_WARN_INFINITE_RECURSION = YES;
				CLANG_WARN_INT_CONVERSION = YES;
				CLANG_WARN_NON_LITERAL_NULL_CONVERSION = YES;
				CLANG_WARN_OBJC_IMPLICIT_RETAIN_SELF = YES;
				CLANG_WARN_OBJC_LITERAL_CONVERSION = YES;
				CLANG_WARN_OBJC_ROOT_CLASS = YES_ERROR;
				CLANG_WARN_QUOTED_INCLUDE_IN_FRAMEWORK_HEADER = YES;
				CLANG_WARN_RANGE_LOOP_ANALYSIS = YES;
				CLANG_WARN_STRICT_PROTOTYPES = YES;
				CLANG_WARN_SUSPICIOUS_MOVE = YES;
				CLANG_WARN_UNGUARDED_AVAILABILITY = YES_AGGRESSIVE;
				CLANG_WARN_UNREACHABLE_CODE = YES;
				CLANG_WARN__DUPLICATE_METHOD_MATCH = YES;
				COPY_PHASE_STRIP = NO;
				DEBUG_INFORMATION_FORMAT = "dwarf-with-dsym";
				ENABLE_NS_ASSERTIONS = NO;
				ENABLE_STRICT_OBJC_MSGSEND = YES;
				ENABLE_USER_SCRIPT_SANDBOXING = YES;
				GCC_C_LANGUAGE_STANDARD = gnu17;
				GCC_NO_COMMON_BLOCKS = YES;
				GCC_WARN_64_TO_32_BIT_CONVERSION = YES;
				GCC_WARN_ABOUT_RETURN_TYPE = YES_ERROR;
				GCC_WARN_UNDECLARED_SELECTOR = YES;
				GCC_WARN_UNINITIALIZED_AUTOS = YES_AGGRESSIVE;
				GCC_WARN_UNUSED_FUNCTION = YES;
				GCC_WARN_UNUSED_VARIABLE = YES;
				IPHONEOS_DEPLOYMENT_TARGET = 17.4;
				LOCALIZATION_PREFERS_STRING_CATALOGS = YES;
				MTL_ENABLE_DEBUG_INFO = NO;
				MTL_FAST_MATH = YES;
				SDKROOT = iphoneos;
				SWIFT_COMPILATION_MODE = wholemodule;
				VALIDATE_PRODUCT = YES;
			};
			name = Release;
		};
		B25165262BDE6178006EBC51 /* Debug */ = {
			isa = XCBuildConfiguration;
			buildSettings = {
				ASSETCATALOG_COMPILER_APPICON_NAME = AppIcon;
				ASSETCATALOG_COMPILER_GLOBAL_ACCENT_COLOR_NAME = AccentColor;
				CODE_SIGN_STYLE = Automatic;
				CURRENT_PROJECT_VERSION = 1;
				DEVELOPMENT_ASSET_PATHS = "\"LearningSushiAnimation/Preview Content\"";
				DEVELOPMENT_TEAM = CK8M57PVR8;
				ENABLE_PREVIEWS = YES;
				GENERATE_INFOPLIST_FILE = YES;
				INFOPLIST_KEY_UIApplicationSceneManifest_Generation = YES;
				INFOPLIST_KEY_UIApplicationSupportsIndirectInputEvents = YES;
				INFOPLIST_KEY_UILaunchScreen_Generation = YES;
				INFOPLIST_KEY_UISupportedInterfaceOrientations = "UIInterfaceOrientationLandscapeLeft UIInterfaceOrientationLandscapeRight";
				LD_RUNPATH_SEARCH_PATHS = (
					"$(inherited)",
					"@executable_path/Frameworks",
				);
				MARKETING_VERSION = 1.0;
				PRODUCT_BUNDLE_IDENTIFIER = vikriyuwi.LearningSushiAnimation;
				PRODUCT_NAME = "$(TARGET_NAME)";
				SWIFT_EMIT_LOC_STRINGS = YES;
				SWIFT_VERSION = 5.0;
				TARGETED_DEVICE_FAMILY = "1,2";
			};
			name = Debug;
		};
		B25165272BDE6178006EBC51 /* Release */ = {
			isa = XCBuildConfiguration;
			buildSettings = {
				ASSETCATALOG_COMPILER_APPICON_NAME = AppIcon;
				ASSETCATALOG_COMPILER_GLOBAL_ACCENT_COLOR_NAME = AccentColor;
				CODE_SIGN_STYLE = Automatic;
				CURRENT_PROJECT_VERSION = 1;
				DEVELOPMENT_ASSET_PATHS = "\"LearningSushiAnimation/Preview Content\"";
				DEVELOPMENT_TEAM = CK8M57PVR8;
				ENABLE_PREVIEWS = YES;
				GENERATE_INFOPLIST_FILE = YES;
				INFOPLIST_KEY_UIApplicationSceneManifest_Generation = YES;
				INFOPLIST_KEY_UIApplicationSupportsIndirectInputEvents = YES;
				INFOPLIST_KEY_UILaunchScreen_Generation = YES;
				INFOPLIST_KEY_UISupportedInterfaceOrientations = "UIInterfaceOrientationLandscapeLeft UIInterfaceOrientationLandscapeRight";
				LD_RUNPATH_SEARCH_PATHS = (
					"$(inherited)",
					"@executable_path/Frameworks",
				);
				MARKETING_VERSION = 1.0;
				PRODUCT_BUNDLE_IDENTIFIER = vikriyuwi.LearningSushiAnimation;
				PRODUCT_NAME = "$(TARGET_NAME)";
				SWIFT_EMIT_LOC_STRINGS = YES;
				SWIFT_VERSION = 5.0;
				TARGETED_DEVICE_FAMILY = "1,2";
			};
			name = Release;
		};
/* End XCBuildConfiguration section */

/* Begin XCConfigurationList section */
		B25165122BDE6177006EBC51 /* Build configuration list for PBXProject "LearningSushiAnimation" */ = {
			isa = XCConfigurationList;
			buildConfigurations = (
				B25165232BDE6178006EBC51 /* Debug */,
				B25165242BDE6178006EBC51 /* Release */,
			);
			defaultConfigurationIsVisible = 0;
			defaultConfigurationName = Release;
		};
		B25165252BDE6178006EBC51 /* Build configuration list for PBXNativeTarget "LearningSushiAnimation" */ = {
			isa = XCConfigurationList;
			buildConfigurations = (
				B25165262BDE6178006EBC51 /* Debug */,
				B25165272BDE6178006EBC51 /* Release */,
			);
			defaultConfigurationIsVisible = 0;
			defaultConfigurationName = Release;
		};
/* End XCConfigurationList section */
	};
	rootObject = B251650F2BDE6177006EBC51 /* Project object */;
}
